// !$*UTF8*$!
{
	archiveVersion = 1;
	classes = {
	};
	objectVersion = 55;
	objects = {

/* Begin PBXBuildFile section */
		65E1E15F27D44A7D0079D30C /* AppDelegate.swift in Sources */ = {isa = PBXBuildFile; fileRef = 65E1E15E27D44A7D0079D30C /* AppDelegate.swift */; };
		65E1E16127D44A7D0079D30C /* SceneDelegate.swift in Sources */ = {isa = PBXBuildFile; fileRef = 65E1E16027D44A7D0079D30C /* SceneDelegate.swift */; };
		65E1E16327D44A7D0079D30C /* ViewController.swift in Sources */ = {isa = PBXBuildFile; fileRef = 65E1E16227D44A7D0079D30C /* ViewController.swift */; };
		65E1E16627D44A7D0079D30C /* Main.storyboard in Resources */ = {isa = PBXBuildFile; fileRef = 65E1E16427D44A7D0079D30C /* Main.storyboard */; };
		65E1E16827D44A7F0079D30C /* Assets.xcassets in Resources */ = {isa = PBXBuildFile; fileRef = 65E1E16727D44A7F0079D30C /* Assets.xcassets */; };
		65E1E16B27D44A7F0079D30C /* LaunchScreen.storyboard in Resources */ = {isa = PBXBuildFile; fileRef = 65E1E16927D44A7F0079D30C /* LaunchScreen.storyboard */; };
		65E1E17627D44A7F0079D30C /* AppXib20220306Tests.swift in Sources */ = {isa = PBXBuildFile; fileRef = 65E1E17527D44A7F0079D30C /* AppXib20220306Tests.swift */; };
		65E1E18027D44A7F0079D30C /* AppXib20220306UITests.swift in Sources */ = {isa = PBXBuildFile; fileRef = 65E1E17F27D44A7F0079D30C /* AppXib20220306UITests.swift */; };
		65E1E18227D44A7F0079D30C /* AppXib20220306UITestsLaunchTests.swift in Sources */ = {isa = PBXBuildFile; fileRef = 65E1E18127D44A7F0079D30C /* AppXib20220306UITestsLaunchTests.swift */; };
		65E1E19127D44AE00079D30C /* MyView.swift in Sources */ = {isa = PBXBuildFile; fileRef = 65E1E19027D44AE00079D30C /* MyView.swift */; };
		65E1E19327D44B270079D30C /* MyView.xib in Resources */ = {isa = PBXBuildFile; fileRef = 65E1E19227D44B270079D30C /* MyView.xib */; };
		65E1E19F27D45B040079D30C /* Reachability.m in Sources */ = {isa = PBXBuildFile; fileRef = 65E1E19E27D45B040079D30C /* Reachability.m */; };
/* End PBXBuildFile section */

/* Begin PBXContainerItemProxy section */
		65E1E17227D44A7F0079D30C /* PBXContainerItemProxy */ = {
			isa = PBXContainerItemProxy;
			containerPortal = 65E1E15327D44A7D0079D30C /* Project object */;
			proxyType = 1;
			remoteGlobalIDString = 65E1E15A27D44A7D0079D30C;
			remoteInfo = AppXib20220306;
		};
		65E1E17C27D44A7F0079D30C /* PBXContainerItemProxy */ = {
			isa = PBXContainerItemProxy;
			containerPortal = 65E1E15327D44A7D0079D30C /* Project object */;
			proxyType = 1;
			remoteGlobalIDString = 65E1E15A27D44A7D0079D30C;
			remoteInfo = AppXib20220306;
		};
/* End PBXContainerItemProxy section */

/* Begin PBXFileReference section */
		65E1E15B27D44A7D0079D30C /* AppXib20220306.app */ = {isa = PBXFileReference; explicitFileType = wrapper.application; includeInIndex = 0; path = AppXib20220306.app; sourceTree = BUILT_PRODUCTS_DIR; };
		65E1E15E27D44A7D0079D30C /* AppDelegate.swift */ = {isa = PBXFileReference; lastKnownFileType = sourcecode.swift; path = AppDelegate.swift; sourceTree = "<group>"; };
		65E1E16027D44A7D0079D30C /* SceneDelegate.swift */ = {isa = PBXFileReference; lastKnownFileType = sourcecode.swift; path = SceneDelegate.swift; sourceTree = "<group>"; };
		65E1E16227D44A7D0079D30C /* ViewController.swift */ = {isa = PBXFileReference; lastKnownFileType = sourcecode.swift; path = ViewController.swift; sourceTree = "<group>"; };
		65E1E16527D44A7D0079D30C /* Base */ = {isa = PBXFileReference; lastKnownFileType = file.storyboard; name = Base; path = Base.lproj/Main.storyboard; sourceTree = "<group>"; };
		65E1E16727D44A7F0079D30C /* Assets.xcassets */ = {isa = PBXFileReference; lastKnownFileType = folder.assetcatalog; path = Assets.xcassets; sourceTree = "<group>"; };
		65E1E16A27D44A7F0079D30C /* Base */ = {isa = PBXFileReference; lastKnownFileType = file.storyboard; name = Base; path = Base.lproj/LaunchScreen.storyboard; sourceTree = "<group>"; };
		65E1E16C27D44A7F0079D30C /* Info.plist */ = {isa = PBXFileReference; lastKnownFileType = text.plist.xml; path = Info.plist; sourceTree = "<group>"; };
		65E1E17127D44A7F0079D30C /* AppXib20220306Tests.xctest */ = {isa = PBXFileReference; explicitFileType = wrapper.cfbundle; includeInIndex = 0; path = AppXib20220306Tests.xctest; sourceTree = BUILT_PRODUCTS_DIR; };
		65E1E17527D44A7F0079D30C /* AppXib20220306Tests.swift */ = {isa = PBXFileReference; lastKnownFileType = sourcecode.swift; path = AppXib20220306Tests.swift; sourceTree = "<group>"; };
		65E1E17B27D44A7F0079D30C /* AppXib20220306UITests.xctest */ = {isa = PBXFileReference; explicitFileType = wrapper.cfbundle; includeInIndex = 0; path = AppXib20220306UITests.xctest; sourceTree = BUILT_PRODUCTS_DIR; };
		65E1E17F27D44A7F0079D30C /* AppXib20220306UITests.swift */ = {isa = PBXFileReference; lastKnownFileType = sourcecode.swift; path = AppXib20220306UITests.swift; sourceTree = "<group>"; };
		65E1E18127D44A7F0079D30C /* AppXib20220306UITestsLaunchTests.swift */ = {isa = PBXFileReference; lastKnownFileType = sourcecode.swift; path = AppXib20220306UITestsLaunchTests.swift; sourceTree = "<group>"; };
		65E1E19027D44AE00079D30C /* MyView.swift */ = {isa = PBXFileReference; lastKnownFileType = sourcecode.swift; path = MyView.swift; sourceTree = "<group>"; };
		65E1E19227D44B270079D30C /* MyView.xib */ = {isa = PBXFileReference; lastKnownFileType = file.xib; path = MyView.xib; sourceTree = "<group>"; };
		65E1E19C27D45B030079D30C /* AppXib20220306-Bridging-Header.h */ = {isa = PBXFileReference; lastKnownFileType = sourcecode.c.h; path = "AppXib20220306-Bridging-Header.h"; sourceTree = "<group>"; };
		65E1E19D27D45B040079D30C /* Reachability.h */ = {isa = PBXFileReference; fileEncoding = 4; lastKnownFileType = sourcecode.c.h; name = Reachability.h; path = ../../Reachability/Reachability/Reachability.h; sourceTree = "<group>"; };
		65E1E19E27D45B040079D30C /* Reachability.m */ = {isa = PBXFileReference; fileEncoding = 4; lastKnownFileType = sourcecode.c.objc; name = Reachability.m; path = ../../Reachability/Reachability/Reachability.m; sourceTree = "<group>"; };
/* End PBXFileReference section */

/* Begin PBXFrameworksBuildPhase section */
		65E1E15827D44A7D0079D30C /* Frameworks */ = {
			isa = PBXFrameworksBuildPhase;
			buildActionMask = 2147483647;
			files = (
			);
			runOnlyForDeploymentPostprocessing = 0;
		};
		65E1E16E27D44A7F0079D30C /* Frameworks */ = {
			isa = PBXFrameworksBuildPhase;
			buildActionMask = 2147483647;
			files = (
			);
			runOnlyForDeploymentPostprocessing = 0;
		};
		65E1E17827D44A7F0079D30C /* Frameworks */ = {
			isa = PBXFrameworksBuildPhase;
			buildActionMask = 2147483647;
			files = (
			);
			runOnlyForDeploymentPostprocessing = 0;
		};
/* End PBXFrameworksBuildPhase section */

/* Begin PBXGroup section */
		65E1E15227D44A7D0079D30C = {
			isa = PBXGroup;
			children = (
				65E1E15D27D44A7D0079D30C /* AppXib20220306 */,
				65E1E17427D44A7F0079D30C /* AppXib20220306Tests */,
				65E1E17E27D44A7F0079D30C /* AppXib20220306UITests */,
				65E1E15C27D44A7D0079D30C /* Products */,
			);
			sourceTree = "<group>";
		};
		65E1E15C27D44A7D0079D30C /* Products */ = {
			isa = PBXGroup;
			children = (
				65E1E15B27D44A7D0079D30C /* AppXib20220306.app */,
				65E1E17127D44A7F0079D30C /* AppXib20220306Tests.xctest */,
				65E1E17B27D44A7F0079D30C /* AppXib20220306UITests.xctest */,
			);
			name = Products;
			sourceTree = "<group>";
		};
		65E1E15D27D44A7D0079D30C /* AppXib20220306 */ = {
			isa = PBXGroup;
			children = (
				65E1E19D27D45B040079D30C /* Reachability.h */,
				65E1E19E27D45B040079D30C /* Reachability.m */,
				65E1E15E27D44A7D0079D30C /* AppDelegate.swift */,
				65E1E16027D44A7D0079D30C /* SceneDelegate.swift */,
				65E1E16227D44A7D0079D30C /* ViewController.swift */,
				65E1E16427D44A7D0079D30C /* Main.storyboard */,
				65E1E16727D44A7F0079D30C /* Assets.xcassets */,
				65E1E16927D44A7F0079D30C /* LaunchScreen.storyboard */,
				65E1E16C27D44A7F0079D30C /* Info.plist */,
				65E1E19027D44AE00079D30C /* MyView.swift */,
				65E1E19227D44B270079D30C /* MyView.xib */,
				65E1E19C27D45B030079D30C /* AppXib20220306-Bridging-Header.h */,
			);
			path = AppXib20220306;
			sourceTree = "<group>";
		};
		65E1E17427D44A7F0079D30C /* AppXib20220306Tests */ = {
			isa = PBXGroup;
			children = (
				65E1E17527D44A7F0079D30C /* AppXib20220306Tests.swift */,
			);
			path = AppXib20220306Tests;
			sourceTree = "<group>";
		};
		65E1E17E27D44A7F0079D30C /* AppXib20220306UITests */ = {
			isa = PBXGroup;
			children = (
				65E1E17F27D44A7F0079D30C /* AppXib20220306UITests.swift */,
				65E1E18127D44A7F0079D30C /* AppXib20220306UITestsLaunchTests.swift */,
			);
			path = AppXib20220306UITests;
			sourceTree = "<group>";
		};
/* End PBXGroup section */

/* Begin PBXNativeTarget section */
		65E1E15A27D44A7D0079D30C /* AppXib20220306 */ = {
			isa = PBXNativeTarget;
			buildConfigurationList = 65E1E18527D44A7F0079D30C /* Build configuration list for PBXNativeTarget "AppXib20220306" */;
			buildPhases = (
				65E1E15727D44A7D0079D30C /* Sources */,
				65E1E15827D44A7D0079D30C /* Frameworks */,
				65E1E15927D44A7D0079D30C /* Resources */,
			);
			buildRules = (
			);
			dependencies = (
			);
			name = AppXib20220306;
			productName = AppXib20220306;
			productReference = 65E1E15B27D44A7D0079D30C /* AppXib20220306.app */;
			productType = "com.apple.product-type.application";
		};
		65E1E17027D44A7F0079D30C /* AppXib20220306Tests */ = {
			isa = PBXNativeTarget;
			buildConfigurationList = 65E1E18827D44A7F0079D30C /* Build configuration list for PBXNativeTarget "AppXib20220306Tests" */;
			buildPhases = (
				65E1E16D27D44A7F0079D30C /* Sources */,
				65E1E16E27D44A7F0079D30C /* Frameworks */,
				65E1E16F27D44A7F0079D30C /* Resources */,
			);
			buildRules = (
			);
			dependencies = (
				65E1E17327D44A7F0079D30C /* PBXTargetDependency */,
			);
			name = AppXib20220306Tests;
			productName = AppXib20220306Tests;
			productReference = 65E1E17127D44A7F0079D30C /* AppXib20220306Tests.xctest */;
			productType = "com.apple.product-type.bundle.unit-test";
		};
		65E1E17A27D44A7F0079D30C /* AppXib20220306UITests */ = {
			isa = PBXNativeTarget;
			buildConfigurationList = 65E1E18B27D44A7F0079D30C /* Build configuration list for PBXNativeTarget "AppXib20220306UITests" */;
			buildPhases = (
				65E1E17727D44A7F0079D30C /* Sources */,
				65E1E17827D44A7F0079D30C /* Frameworks */,
				65E1E17927D44A7F0079D30C /* Resources */,
			);
			buildRules = (
			);
			dependencies = (
				65E1E17D27D44A7F0079D30C /* PBXTargetDependency */,
			);
			name = AppXib20220306UITests;
			productName = AppXib20220306UITests;
			productReference = 65E1E17B27D44A7F0079D30C /* AppXib20220306UITests.xctest */;
			productType = "com.apple.product-type.bundle.ui-testing";
		};
/* End PBXNativeTarget section */

/* Begin PBXProject section */
		65E1E15327D44A7D0079D30C /* Project object */ = {
			isa = PBXProject;
			attributes = {
				BuildIndependentTargetsInParallel = 1;
				LastSwiftUpdateCheck = 1320;
				LastUpgradeCheck = 1320;
				TargetAttributes = {
					65E1E15A27D44A7D0079D30C = {
						CreatedOnToolsVersion = 13.2;
						LastSwiftMigration = 1320;
					};
					65E1E17027D44A7F0079D30C = {
						CreatedOnToolsVersion = 13.2;
						TestTargetID = 65E1E15A27D44A7D0079D30C;
					};
					65E1E17A27D44A7F0079D30C = {
						CreatedOnToolsVersion = 13.2;
						TestTargetID = 65E1E15A27D44A7D0079D30C;
					};
				};
			};
			buildConfigurationList = 65E1E15627D44A7D0079D30C /* Build configuration list for PBXProject "AppXib20220306" */;
			compatibilityVersion = "Xcode 13.0";
			developmentRegion = en;
			hasScannedForEncodings = 0;
			knownRegions = (
				en,
				Base,
			);
			mainGroup = 65E1E15227D44A7D0079D30C;
			productRefGroup = 65E1E15C27D44A7D0079D30C /* Products */;
			projectDirPath = "";
			projectRoot = "";
			targets = (
				65E1E15A27D44A7D0079D30C /* AppXib20220306 */,
				65E1E17027D44A7F0079D30C /* AppXib20220306Tests */,
				65E1E17A27D44A7F0079D30C /* AppXib20220306UITests */,
			);
		};
/* End PBXProject section */

/* Begin PBXResourcesBuildPhase section */
		65E1E15927D44A7D0079D30C /* Resources */ = {
			isa = PBXResourcesBuildPhase;
			buildActionMask = 2147483647;
			files = (
				65E1E19327D44B270079D30C /* MyView.xib in Resources */,
				65E1E16B27D44A7F0079D30C /* LaunchScreen.storyboard in Resources */,
				65E1E16827D44A7F0079D30C /* Assets.xcassets in Resources */,
				65E1E16627D44A7D0079D30C /* Main.storyboard in Resources */,
			);
			runOnlyForDeploymentPostprocessing = 0;
		};
		65E1E16F27D44A7F0079D30C /* Resources */ = {
			isa = PBXResourcesBuildPhase;
			buildActionMask = 2147483647;
			files = (
			);
			runOnlyForDeploymentPostprocessing = 0;
		};
		65E1E17927D44A7F0079D30C /* Resources */ = {
			isa = PBXResourcesBuildPhase;
			buildActionMask = 2147483647;
			files = (
			);
			runOnlyForDeploymentPostprocessing = 0;
		};
/* End PBXResourcesBuildPhase section */

/* Begin PBXSourcesBuildPhase section */
		65E1E15727D44A7D0079D30C /* Sources */ = {
			isa = PBXSourcesBuildPhase;
			buildActionMask = 2147483647;
			files = (
				65E1E19127D44AE00079D30C /* MyView.swift in Sources */,
				65E1E16327D44A7D0079D30C /* ViewController.swift in Sources */,
				65E1E15F27D44A7D0079D30C /* AppDelegate.swift in Sources */,
				65E1E16127D44A7D0079D30C /* SceneDelegate.swift in Sources */,
				65E1E19F27D45B040079D30C /* Reachability.m in Sources */,
			);
			runOnlyForDeploymentPostprocessing = 0;
		};
		65E1E16D27D44A7F0079D30C /* Sources */ = {
			isa = PBXSourcesBuildPhase;
			buildActionMask = 2147483647;
			files = (
				65E1E17627D44A7F0079D30C /* AppXib20220306Tests.swift in Sources */,
			);
			runOnlyForDeploymentPostprocessing = 0;
		};
		65E1E17727D44A7F0079D30C /* Sources */ = {
			isa = PBXSourcesBuildPhase;
			buildActionMask = 2147483647;
			files = (
				65E1E18027D44A7F0079D30C /* AppXib20220306UITests.swift in Sources */,
				65E1E18227D44A7F0079D30C /* AppXib20220306UITestsLaunchTests.swift in Sources */,
			);
			runOnlyForDeploymentPostprocessing = 0;
		};
/* End PBXSourcesBuildPhase section */

/* Begin PBXTargetDependency section */
		65E1E17327D44A7F0079D30C /* PBXTargetDependency */ = {
			isa = PBXTargetDependency;
			target = 65E1E15A27D44A7D0079D30C /* AppXib20220306 */;
			targetProxy = 65E1E17227D44A7F0079D30C /* PBXContainerItemProxy */;
		};
		65E1E17D27D44A7F0079D30C /* PBXTargetDependency */ = {
			isa = PBXTargetDependency;
			target = 65E1E15A27D44A7D0079D30C /* AppXib20220306 */;
			targetProxy = 65E1E17C27D44A7F0079D30C /* PBXContainerItemProxy */;
		};
/* End PBXTargetDependency section */

/* Begin PBXVariantGroup section */
		65E1E16427D44A7D0079D30C /* Main.storyboard */ = {
			isa = PBXVariantGroup;
			children = (
				65E1E16527D44A7D0079D30C /* Base */,
			);
			name = Main.storyboard;
			sourceTree = "<group>";
		};
		65E1E16927D44A7F0079D30C /* LaunchScreen.storyboard */ = {
			isa = PBXVariantGroup;
			children = (
				65E1E16A27D44A7F0079D30C /* Base */,
			);
			name = LaunchScreen.storyboard;
			sourceTree = "<group>";
		};
/* End PBXVariantGroup section */

/* Begin XCBuildConfiguration section */
		65E1E18327D44A7F0079D30C /* Debug */ = {
			isa = XCBuildConfiguration;
			buildSettings = {
				ALWAYS_SEARCH_USER_PATHS = NO;
				CLANG_ANALYZER_NONNULL = YES;
				CLANG_ANALYZER_NUMBER_OBJECT_CONVERSION = YES_AGGRESSIVE;
				CLANG_CXX_LANGUAGE_STANDARD = "gnu++17";
				CLANG_CXX_LIBRARY = "libc++";
				CLANG_ENABLE_MODULES = YES;
				CLANG_ENABLE_OBJC_ARC = YES;
				CLANG_ENABLE_OBJC_WEAK = YES;
				CLANG_WARN_BLOCK_CAPTURE_AUTORELEASING = YES;
				CLANG_WARN_BOOL_CONVERSION = YES;
				CLANG_WARN_COMMA = YES;
				CLANG_WARN_CONSTANT_CONVERSION = YES;
				CLANG_WARN_DEPRECATED_OBJC_IMPLEMENTATIONS = YES;
				CLANG_WARN_DIRECT_OBJC_ISA_USAGE = YES_ERROR;
				CLANG_WARN_DOCUMENTATION_COMMENTS = YES;
				CLANG_WARN_EMPTY_BODY = YES;
				CLANG_WARN_ENUM_CONVERSION = YES;
				CLANG_WARN_INFINITE_RECURSION = YES;
				CLANG_WARN_INT_CONVERSION = YES;
				CLANG_WARN_NON_LITERAL_NULL_CONVERSION = YES;
				CLANG_WARN_OBJC_IMPLICIT_RETAIN_SELF = YES;
				CLANG_WARN_OBJC_LITERAL_CONVERSION = YES;
				CLANG_WARN_OBJC_ROOT_CLASS = YES_ERROR;
				CLANG_WARN_QUOTED_INCLUDE_IN_FRAMEWORK_HEADER = YES;
				CLANG_WARN_RANGE_LOOP_ANALYSIS = YES;
				CLANG_WARN_STRICT_PROTOTYPES = YES;
				CLANG_WARN_SUSPICIOUS_MOVE = YES;
				CLANG_WARN_UNGUARDED_AVAILABILITY = YES_AGGRESSIVE;
				CLANG_WARN_UNREACHABLE_CODE = YES;
				CLANG_WARN__DUPLICATE_METHOD_MATCH = YES;
				COPY_PHASE_STRIP = NO;
				DEBUG_INFORMATION_FORMAT = dwarf;
				ENABLE_STRICT_OBJC_MSGSEND = YES;
				ENABLE_TESTABILITY = YES;
				GCC_C_LANGUAGE_STANDARD = gnu11;
				GCC_DYNAMIC_NO_PIC = NO;
				GCC_NO_COMMON_BLOCKS = YES;
				GCC_OPTIMIZATION_LEVEL = 0;
				GCC_PREPROCESSOR_DEFINITIONS = (
					"DEBUG=1",
					"$(inherited)",
				);
				GCC_WARN_64_TO_32_BIT_CONVERSION = YES;
				GCC_WARN_ABOUT_RETURN_TYPE = YES_ERROR;
				GCC_WARN_UNDECLARED_SELECTOR = YES;
				GCC_WARN_UNINITIALIZED_AUTOS = YES_AGGRESSIVE;
				GCC_WARN_UNUSED_FUNCTION = YES;
				GCC_WARN_UNUSED_VARIABLE = YES;
				IPHONEOS_DEPLOYMENT_TARGET = 15.2;
				MTL_ENABLE_DEBUG_INFO = INCLUDE_SOURCE;
				MTL_FAST_MATH = YES;
				ONLY_ACTIVE_ARCH = YES;
				SDKROOT = iphoneos;
				SWIFT_ACTIVE_COMPILATION_CONDITIONS = DEBUG;
				SWIFT_OPTIMIZATION_LEVEL = "-Onone";
			};
			name = Debug;
		};
		65E1E18427D44A7F0079D30C /* Release */ = {
			isa = XCBuildConfiguration;
			buildSettings = {
				ALWAYS_SEARCH_USER_PATHS = NO;
				CLANG_ANALYZER_NONNULL = YES;
				CLANG_ANALYZER_NUMBER_OBJECT_CONVERSION = YES_AGGRESSIVE;
				CLANG_CXX_LANGUAGE_STANDARD = "gnu++17";
				CLANG_CXX_LIBRARY = "libc++";
				CLANG_ENABLE_MODULES = YES;
				CLANG_ENABLE_OBJC_ARC = YES;
				CLANG_ENABLE_OBJC_WEAK = YES;
				CLANG_WARN_BLOCK_CAPTURE_AUTORELEASING = YES;
				CLANG_WARN_BOOL_CONVERSION = YES;
				CLANG_WARN_COMMA = YES;
				CLANG_WARN_CONSTANT_CONVERSION = YES;
				CLANG_WARN_DEPRECATED_OBJC_IMPLEMENTATIONS = YES;
				CLANG_WARN_DIRECT_OBJC_ISA_USAGE = YES_ERROR;
				CLANG_WARN_DOCUMENTATION_COMMENTS = YES;
				CLANG_WARN_EMPTY_BODY = YES;
				CLANG_WARN_ENUM_CONVERSION = YES;
				CLANG_WARN_INFINITE_RECURSION = YES;
				CLANG_WARN_INT_CONVERSION = YES;
				CLANG_WARN_NON_LITERAL_NULL_CONVERSION = YES;
				CLANG_WARN_OBJC_IMPLICIT_RETAIN_SELF = YES;
				CLANG_WARN_OBJC_LITERAL_CONVERSION = YES;
				CLANG_WARN_OBJC_ROOT_CLASS = YES_ERROR;
				CLANG_WARN_QUOTED_INCLUDE_IN_FRAMEWORK_HEADER = YES;
				CLANG_WARN_RANGE_LOOP_ANALYSIS = YES;
				CLANG_WARN_STRICT_PROTOTYPES = YES;
				CLANG_WARN_SUSPICIOUS_MOVE = YES;
				CLANG_WARN_UNGUARDED_AVAILABILITY = YES_AGGRESSIVE;
				CLANG_WARN_UNREACHABLE_CODE = YES;
				CLANG_WARN__DUPLICATE_METHOD_MATCH = YES;
				COPY_PHASE_STRIP = NO;
				DEBUG_INFORMATION_FORMAT = "dwarf-with-dsym";
				ENABLE_NS_ASSERTIONS = NO;
				ENABLE_STRICT_OBJC_MSGSEND = YES;
				GCC_C_LANGUAGE_STANDARD = gnu11;
				GCC_NO_COMMON_BLOCKS = YES;
				GCC_WARN_64_TO_32_BIT_CONVERSION = YES;
				GCC_WARN_ABOUT_RETURN_TYPE = YES_ERROR;
				GCC_WARN_UNDECLARED_SELECTOR = YES;
				GCC_WARN_UNINITIALIZED_AUTOS = YES_AGGRESSIVE;
				GCC_WARN_UNUSED_FUNCTION = YES;
				GCC_WARN_UNUSED_VARIABLE = YES;
				IPHONEOS_DEPLOYMENT_TARGET = 15.2;
				MTL_ENABLE_DEBUG_INFO = NO;
				MTL_FAST_MATH = YES;
				SDKROOT = iphoneos;
				SWIFT_COMPILATION_MODE = wholemodule;
				SWIFT_OPTIMIZATION_LEVEL = "-O";
				VALIDATE_PRODUCT = YES;
			};
			name = Release;
		};
		65E1E18627D44A7F0079D30C /* Debug */ = {
			isa = XCBuildConfiguration;
			buildSettings = {
				ASSETCATALOG_COMPILER_APPICON_NAME = AppIcon;
				ASSETCATALOG_COMPILER_GLOBAL_ACCENT_COLOR_NAME = AccentColor;
				CLANG_ENABLE_MODULES = YES;
				CODE_SIGN_STYLE = Automatic;
				CURRENT_PROJECT_VERSION = 1;
				DEVELOPMENT_TEAM = QGUDE94G9E;
				GENERATE_INFOPLIST_FILE = YES;
				INFOPLIST_FILE = AppXib20220306/Info.plist;
				INFOPLIST_KEY_UIApplicationSupportsIndirectInputEvents = YES;
				INFOPLIST_KEY_UILaunchStoryboardName = LaunchScreen;
				INFOPLIST_KEY_UIMainStoryboardFile = Main;
				INFOPLIST_KEY_UISupportedInterfaceOrientations_iPad = "UIInterfaceOrientationPortrait UIInterfaceOrientationPortraitUpsideDown UIInterfaceOrientationLandscapeLeft UIInterfaceOrientationLandscapeRight";
				INFOPLIST_KEY_UISupportedInterfaceOrientations_iPhone = "UIInterfaceOrientationPortrait UIInterfaceOrientationLandscapeLeft UIInterfaceOrientationLandscapeRight";
				LD_RUNPATH_SEARCH_PATHS = (
					"$(inherited)",
					"@executable_path/Frameworks",
				);
				MARKETING_VERSION = 1.0;
				PRODUCT_BUNDLE_IDENTIFIER = myyhhuang.com.AppXib20220306;
				PRODUCT_NAME = "$(TARGET_NAME)";
				SWIFT_EMIT_LOC_STRINGS = YES;
				SWIFT_OBJC_BRIDGING_HEADER = "AppXib20220306/AppXib20220306-Bridging-Header.h";
				SWIFT_OPTIMIZATION_LEVEL = "-Onone";
				SWIFT_VERSION = 5.0;
				TARGETED_DEVICE_FAMILY = "1,2";
			};
			name = Debug;
		};
		65E1E18727D44A7F0079D30C /* Release */ = {
			isa = XCBuildConfiguration;
			buildSettings = {
				ASSETCATALOG_COMPILER_APPICON_NAME = AppIcon;
				ASSETCATALOG_COMPILER_GLOBAL_ACCENT_COLOR_NAME = AccentColor;
				CLANG_ENABLE_MODULES = YES;
				CODE_SIGN_STYLE = Automatic;
				CURRENT_PROJECT_VERSION = 1;
				DEVELOPMENT_TEAM = QGUDE94G9E;
				GENERATE_INFOPLIST_FILE = YES;
				INFOPLIST_FILE = AppXib20220306/Info.plist;
				INFOPLIST_KEY_UIApplicationSupportsIndirectInputEvents = YES;
				INFOPLIST_KEY_UILaunchStoryboardName = LaunchScreen;
				INFOPLIST_KEY_UIMainStoryboardFile = Main;
				INFOPLIST_KEY_UISupportedInterfaceOrientations_iPad = "UIInterfaceOrientationPortrait UIInterfaceOrientationPortraitUpsideDown UIInterfaceOrientationLandscapeLeft UIInterfaceOrientationLandscapeRight";
				INFOPLIST_KEY_UISupportedInterfaceOrientations_iPhone = "UIInterfaceOrientationPortrait UIInterfaceOrientationLandscapeLeft UIInterfaceOrientationLandscapeRight";
				LD_RUNPATH_SEARCH_PATHS = (
					"$(inherited)",
					"@executable_path/Frameworks",
				);
				MARKETING_VERSION = 1.0;
				PRODUCT_BUNDLE_IDENTIFIER = myyhhuang.com.AppXib20220306;
				PRODUCT_NAME = "$(TARGET_NAME)";
				SWIFT_EMIT_LOC_STRINGS = YES;
				SWIFT_OBJC_BRIDGING_HEADER = "AppXib20220306/AppXib20220306-Bridging-Header.h";
				SWIFT_VERSION = 5.0;
				TARGETED_DEVICE_FAMILY = "1,2";
			};
			name = Release;
		};
		65E1E18927D44A7F0079D30C /* Debug */ = {
			isa = XCBuildConfiguration;
			buildSettings = {
				ALWAYS_EMBED_SWIFT_STANDARD_LIBRARIES = YES;
				BUNDLE_LOADER = "$(TEST_HOST)";
				CODE_SIGN_STYLE = Automatic;
				CURRENT_PROJECT_VERSION = 1;
				DEVELOPMENT_TEAM = QGUDE94G9E;
				GENERATE_INFOPLIST_FILE = YES;
				IPHONEOS_DEPLOYMENT_TARGET = 15.2;
				MARKETING_VERSION = 1.0;
				PRODUCT_BUNDLE_IDENTIFIER = myyhhuang.com.AppXib20220306Tests;
				PRODUCT_NAME = "$(TARGET_NAME)";
				SWIFT_EMIT_LOC_STRINGS = NO;
				SWIFT_VERSION = 5.0;
				TARGETED_DEVICE_FAMILY = "1,2";
				TEST_HOST = "$(BUILT_PRODUCTS_DIR)/AppXib20220306.app/AppXib20220306";
			};
			name = Debug;
		};
		65E1E18A27D44A7F0079D30C /* Release */ = {
			isa = XCBuildConfiguration;
			buildSettings = {
				ALWAYS_EMBED_SWIFT_STANDARD_LIBRARIES = YES;
				BUNDLE_LOADER = "$(TEST_HOST)";
				CODE_SIGN_STYLE = Automatic;
				CURRENT_PROJECT_VERSION = 1;
				DEVELOPMENT_TEAM = QGUDE94G9E;
				GENERATE_INFOPLIST_FILE = YES;
				IPHONEOS_DEPLOYMENT_TARGET = 15.2;
				MARKETING_VERSION = 1.0;
				PRODUCT_BUNDLE_IDENTIFIER = myyhhuang.com.AppXib20220306Tests;
				PRODUCT_NAME = "$(TARGET_NAME)";
				SWIFT_EMIT_LOC_STRINGS = NO;
				SWIFT_VERSION = 5.0;
				TARGETED_DEVICE_FAMILY = "1,2";
				TEST_HOST = "$(BUILT_PRODUCTS_DIR)/AppXib20220306.app/AppXib20220306";
			};
			name = Release;
		};
		65E1E18C27D44A7F0079D30C /* Debug */ = {
			isa = XCBuildConfiguration;
			buildSettings = {
				ALWAYS_EMBED_SWIFT_STANDARD_LIBRARIES = YES;
				CODE_SIGN_STYLE = Automatic;
				CURRENT_PROJECT_VERSION = 1;
				DEVELOPMENT_TEAM = QGUDE94G9E;
				GENERATE_INFOPLIST_FILE = YES;
				MARKETING_VERSION = 1.0;
				PRODUCT_BUNDLE_IDENTIFIER = myyhhuang.com.AppXib20220306UITests;
				PRODUCT_NAME = "$(TARGET_NAME)";
				SWIFT_EMIT_LOC_STRINGS = NO;
				SWIFT_VERSION = 5.0;
				TARGETED_DEVICE_FAMILY = "1,2";
				TEST_TARGET_NAME = AppXib20220306;
			};
			name = Debug;
		};
		65E1E18D27D44A7F0079D30C /* Release */ = {
			isa = XCBuildConfiguration;
			buildSettings = {
				ALWAYS_EMBED_SWIFT_STANDARD_LIBRARIES = YES;
				CODE_SIGN_STYLE = Automatic;
				CURRENT_PROJECT_VERSION = 1;
				DEVELOPMENT_TEAM = QGUDE94G9E;
				GENERATE_INFOPLIST_FILE = YES;
				MARKETING_VERSION = 1.0;
				PRODUCT_BUNDLE_IDENTIFIER = myyhhuang.com.AppXib20220306UITests;
				PRODUCT_NAME = "$(TARGET_NAME)";
				SWIFT_EMIT_LOC_STRINGS = NO;
				SWIFT_VERSION = 5.0;
				TARGETED_DEVICE_FAMILY = "1,2";
				TEST_TARGET_NAME = AppXib20220306;
			};
			name = Release;
		};
/* End XCBuildConfiguration section */

/* Begin XCConfigurationList section */
		65E1E15627D44A7D0079D30C /* Build configuration list for PBXProject "AppXib20220306" */ = {
			isa = XCConfigurationList;
			buildConfigurations = (
				65E1E18327D44A7F0079D30C /* Debug */,
				65E1E18427D44A7F0079D30C /* Release */,
			);
			defaultConfigurationIsVisible = 0;
			defaultConfigurationName = Release;
		};
		65E1E18527D44A7F0079D30C /* Build configuration list for PBXNativeTarget "AppXib20220306" */ = {
			isa = XCConfigurationList;
			buildConfigurations = (
				65E1E18627D44A7F0079D30C /* Debug */,
				65E1E18727D44A7F0079D30C /* Release */,
			);
			defaultConfigurationIsVisible = 0;
			defaultConfigurationName = Release;
		};
		65E1E18827D44A7F0079D30C /* Build configuration list for PBXNativeTarget "AppXib20220306Tests" */ = {
			isa = XCConfigurationList;
			buildConfigurations = (
				65E1E18927D44A7F0079D30C /* Debug */,
				65E1E18A27D44A7F0079D30C /* Release */,
			);
			defaultConfigurationIsVisible = 0;
			defaultConfigurationName = Release;
		};
		65E1E18B27D44A7F0079D30C /* Build configuration list for PBXNativeTarget "AppXib20220306UITests" */ = {
			isa = XCConfigurationList;
			buildConfigurations = (
				65E1E18C27D44A7F0079D30C /* Debug */,
				65E1E18D27D44A7F0079D30C /* Release */,
			);
			defaultConfigurationIsVisible = 0;
			defaultConfigurationName = Release;
		};
/* End XCConfigurationList section */
	};
	rootObject = 65E1E15327D44A7D0079D30C /* Project object */;
}
